// !$*UTF8*$!
{
	archiveVersion = 1;
	classes = {
	};
	objectVersion = 46;
	objects = {

/* Begin PBXBuildFile section */
		0118932F1D1CCBD800896164 /* AppDelegate.m in Sources */ = {isa = PBXBuildFile; fileRef = 011893141D1CCBD800896164 /* AppDelegate.m */; };
		011893301D1CCBD800896164 /* main.m in Sources */ = {isa = PBXBuildFile; fileRef = 011893161D1CCBD800896164 /* main.m */; };
		011893311D1CCBD800896164 /* ViewController.m in Sources */ = {isa = PBXBuildFile; fileRef = 0118931A1D1CCBD800896164 /* ViewController.m */; };
		011893351D1CCE2A00896164 /* YLMeTableViewController.m in Sources */ = {isa = PBXBuildFile; fileRef = 011893331D1CCE2A00896164 /* YLMeTableViewController.m */; };
		01B707251D24B49E00531075 /* YLSeminarViewController.m in Sources */ = {isa = PBXBuildFile; fileRef = 01B707231D24B49E00531075 /* YLSeminarViewController.m */; };
		01B707261D24B49E00531075 /* YLSeminarViewController.xib in Resources */ = {isa = PBXBuildFile; fileRef = 01B707241D24B49E00531075 /* YLSeminarViewController.xib */; };
		01B7072A1D24BF0800531075 /* YLSeminarTableViewCell.m in Sources */ = {isa = PBXBuildFile; fileRef = 01B707281D24BF0800531075 /* YLSeminarTableViewCell.m */; };
		01B7072B1D24BF0800531075 /* YLSeminarTableViewCell.xib in Resources */ = {isa = PBXBuildFile; fileRef = 01B707291D24BF0800531075 /* YLSeminarTableViewCell.xib */; };
		01B7072E1D24C7B100531075 /* UIView+YLExtension.m in Sources */ = {isa = PBXBuildFile; fileRef = 01B7072D1D24C7B100531075 /* UIView+YLExtension.m */; };
		01B707311D24CA6700531075 /* YLSeminary.m in Sources */ = {isa = PBXBuildFile; fileRef = 01B707301D24CA6700531075 /* YLSeminary.m */; };
		01B707351D2549EC00531075 /* YLMatchAndSeminarViewController.m in Sources */ = {isa = PBXBuildFile; fileRef = 01B707331D2549EC00531075 /* YLMatchAndSeminarViewController.m */; };
		01B707361D2549EC00531075 /* YLMatchAndSeminarViewController.xib in Resources */ = {isa = PBXBuildFile; fileRef = 01B707341D2549EC00531075 /* YLMatchAndSeminarViewController.xib */; };
		01CC11EF1D22A9D9007D9488 /* YLMatchViewController.m in Sources */ = {isa = PBXBuildFile; fileRef = 01CC11ED1D22A9D9007D9488 /* YLMatchViewController.m */; };
		01CC11F01D22A9D9007D9488 /* YLMatchViewController.xib in Resources */ = {isa = PBXBuildFile; fileRef = 01CC11EE1D22A9D9007D9488 /* YLMatchViewController.xib */; };
		01CC11F41D22A9FD007D9488 /* YLMatchModel.m in Sources */ = {isa = PBXBuildFile; fileRef = 01CC11F31D22A9FD007D9488 /* YLMatchModel.m */; };
		01CC11FA1D22AA04007D9488 /* YLWaterFlowCell.m in Sources */ = {isa = PBXBuildFile; fileRef = 01CC11F71D22AA04007D9488 /* YLWaterFlowCell.m */; };
		01CC11FB1D22AA04007D9488 /* YLWaterFlowView.m in Sources */ = {isa = PBXBuildFile; fileRef = 01CC11F91D22AA04007D9488 /* YLWaterFlowView.m */; };
		01CC11FD1D22AA2B007D9488 /* Foundation+Log.m in Sources */ = {isa = PBXBuildFile; fileRef = 01CC11FC1D22AA2B007D9488 /* Foundation+Log.m */; };
		01CC12031D22AA37007D9488 /* UIImage+WebP.m in Sources */ = {isa = PBXBuildFile; fileRef = 01CC12001D22AA37007D9488 /* UIImage+WebP.m */; };
		01CC12041D22AA37007D9488 /* WebP.framework in Frameworks */ = {isa = PBXBuildFile; fileRef = 01CC12011D22AA37007D9488 /* WebP.framework */; };
		01CC12051D22AA37007D9488 /* YL.storyboard in Resources */ = {isa = PBXBuildFile; fileRef = 01CC12021D22AA37007D9488 /* YL.storyboard */; };
		01CC12081D22D521007D9488 /* YLMatchScrollButton.m in Sources */ = {isa = PBXBuildFile; fileRef = 01CC12071D22D521007D9488 /* YLMatchScrollButton.m */; };
		01CC120B1D22E684007D9488 /* UIBarButtonItem+YLUIBarButtonItem.m in Sources */ = {isa = PBXBuildFile; fileRef = 01CC120A1D22E684007D9488 /* UIBarButtonItem+YLUIBarButtonItem.m */; };
		01D0C4E61D26197A00E04809 /* YLSeminaryDetailController.m in Sources */ = {isa = PBXBuildFile; fileRef = 01D0C4E41D26197A00E04809 /* YLSeminaryDetailController.m */; };
		01D0C4E71D26197A00E04809 /* YLSeminaryDetailController.xib in Resources */ = {isa = PBXBuildFile; fileRef = 01D0C4E51D26197A00E04809 /* YLSeminaryDetailController.xib */; };
		01D0C4EB1D264B2300E04809 /* YLMatchDetailController.m in Sources */ = {isa = PBXBuildFile; fileRef = 01D0C4E91D264B2300E04809 /* YLMatchDetailController.m */; };
		01D0C4EC1D264B2300E04809 /* YLMatchDetailController.xib in Resources */ = {isa = PBXBuildFile; fileRef = 01D0C4EA1D264B2300E04809 /* YLMatchDetailController.xib */; };
		01D0C4F01D264FD900E04809 /* YLScrollTableViewCell.m in Sources */ = {isa = PBXBuildFile; fileRef = 01D0C4EE1D264FD900E04809 /* YLScrollTableViewCell.m */; };
		01D0C4F11D264FD900E04809 /* YLScrollTableViewCell.xib in Resources */ = {isa = PBXBuildFile; fileRef = 01D0C4EF1D264FD900E04809 /* YLScrollTableViewCell.xib */; };
		01D0C4F51D26562C00E04809 /* YLButtonTableViewCell.m in Sources */ = {isa = PBXBuildFile; fileRef = 01D0C4F31D26562C00E04809 /* YLButtonTableViewCell.m */; };
		01D0C4F61D26562C00E04809 /* YLButtonTableViewCell.xib in Resources */ = {isa = PBXBuildFile; fileRef = 01D0C4F41D26562C00E04809 /* YLButtonTableViewCell.xib */; };
		01D0C4F91D26659E00E04809 /* YLUser.m in Sources */ = {isa = PBXBuildFile; fileRef = 01D0C4F81D26659E00E04809 /* YLUser.m */; };
		6082571C6F7951FBD27E2379 /* libPods-明星衣橱.a in Frameworks */ = {isa = PBXBuildFile; fileRef = 36B90B9EC175F98C834D9056 /* libPods-明星衣橱.a */; };
		F30F8D3A1D1CC6FB0028D1D4 /* LXY.storyboard in Resources */ = {isa = PBXBuildFile; fileRef = F30F8D381D1CC6FB0028D1D4 /* LXY.storyboard */; };
		F30F8D3C1D1CC6FB0028D1D4 /* Assets.xcassets in Resources */ = {isa = PBXBuildFile; fileRef = F30F8D3B1D1CC6FB0028D1D4 /* Assets.xcassets */; };
		F30F8D3F1D1CC6FB0028D1D4 /* LaunchScreen.storyboard in Resources */ = {isa = PBXBuildFile; fileRef = F30F8D3D1D1CC6FB0028D1D4 /* LaunchScreen.storyboard */; };
		F30F8D521D1CD37C0028D1D4 /* LXYTabBarViewController.m in Sources */ = {isa = PBXBuildFile; fileRef = F30F8D511D1CD37C0028D1D4 /* LXYTabBarViewController.m */; };
		F30F8D571D1D13770028D1D4 /* LXYshouYeNaviBarButton.m in Sources */ = {isa = PBXBuildFile; fileRef = F30F8D561D1D13770028D1D4 /* LXYshouYeNaviBarButton.m */; };
		F30F8D5A1D1D2EEA0028D1D4 /* LXYShouYeViewController.m in Sources */ = {isa = PBXBuildFile; fileRef = F30F8D591D1D2EEA0028D1D4 /* LXYShouYeViewController.m */; };
		F30F8D5F1D1F6BFF0028D1D4 /* LXYshouYeScrollTableViewCell.m in Sources */ = {isa = PBXBuildFile; fileRef = F30F8D5E1D1F6BFF0028D1D4 /* LXYshouYeScrollTableViewCell.m */; };
		F310DDC71D21249900317917 /* LXYPingPai.m in Sources */ = {isa = PBXBuildFile; fileRef = F310DDC61D21249900317917 /* LXYPingPai.m */; };
		F310DDCD1D21720D00317917 /* LXYShouYePic.m in Sources */ = {isa = PBXBuildFile; fileRef = F310DDCC1D21720D00317917 /* LXYShouYePic.m */; };
		F310DDD01D22160C00317917 /* LXYScrollBtn.m in Sources */ = {isa = PBXBuildFile; fileRef = F310DDCF1D22160C00317917 /* LXYScrollBtn.m */; };
		F310DDD61D22662500317917 /* LXYShangPing.m in Sources */ = {isa = PBXBuildFile; fileRef = F310DDD51D22662500317917 /* LXYShangPing.m */; };
		F316B6C81D20BB000014BACD /* YLImgButton.m in Sources */ = {isa = PBXBuildFile; fileRef = F316B6C71D20BB000014BACD /* YLImgButton.m */; };
		F3B73D9E1D20CBF100B519AD /* LXYcollectionTableViewCell.m in Sources */ = {isa = PBXBuildFile; fileRef = F3B73D9D1D20CBF100B519AD /* LXYcollectionTableViewCell.m */; };
		F3B73DA31D20DB6600B519AD /* LXYShouYeCollectionView.m in Sources */ = {isa = PBXBuildFile; fileRef = F3B73DA21D20DB6600B519AD /* LXYShouYeCollectionView.m */; };
/* End PBXBuildFile section */

/* Begin PBXFileReference section */
		011893131D1CCBD800896164 /* AppDelegate.h */ = {isa = PBXFileReference; fileEncoding = 4; lastKnownFileType = sourcecode.c.h; path = AppDelegate.h; sourceTree = "<group>"; };
		011893141D1CCBD800896164 /* AppDelegate.m */ = {isa = PBXFileReference; fileEncoding = 4; lastKnownFileType = sourcecode.c.objc; path = AppDelegate.m; sourceTree = "<group>"; };
		011893161D1CCBD800896164 /* main.m */ = {isa = PBXFileReference; fileEncoding = 4; lastKnownFileType = sourcecode.c.objc; name = main.m; path = "classes/其他-Other/main.m"; sourceTree = "<group>"; };
		011893191D1CCBD800896164 /* ViewController.h */ = {isa = PBXFileReference; fileEncoding = 4; lastKnownFileType = sourcecode.c.h; path = ViewController.h; sourceTree = "<group>"; };
		0118931A1D1CCBD800896164 /* ViewController.m */ = {isa = PBXFileReference; fileEncoding = 4; lastKnownFileType = sourcecode.c.objc; path = ViewController.m; sourceTree = "<group>"; };
		011893321D1CCE2A00896164 /* YLMeTableViewController.h */ = {isa = PBXFileReference; fileEncoding = 4; lastKnownFileType = sourcecode.c.h; path = YLMeTableViewController.h; sourceTree = "<group>"; };
		011893331D1CCE2A00896164 /* YLMeTableViewController.m */ = {isa = PBXFileReference; fileEncoding = 4; lastKnownFileType = sourcecode.c.objc; path = YLMeTableViewController.m; sourceTree = "<group>"; };
		01B707221D24B49E00531075 /* YLSeminarViewController.h */ = {isa = PBXFileReference; fileEncoding = 4; lastKnownFileType = sourcecode.c.h; path = YLSeminarViewController.h; sourceTree = "<group>"; };
		01B707231D24B49E00531075 /* YLSeminarViewController.m */ = {isa = PBXFileReference; fileEncoding = 4; lastKnownFileType = sourcecode.c.objc; path = YLSeminarViewController.m; sourceTree = "<group>"; };
		01B707241D24B49E00531075 /* YLSeminarViewController.xib */ = {isa = PBXFileReference; fileEncoding = 4; lastKnownFileType = file.xib; path = YLSeminarViewController.xib; sourceTree = "<group>"; };
		01B707271D24BF0800531075 /* YLSeminarTableViewCell.h */ = {isa = PBXFileReference; fileEncoding = 4; lastKnownFileType = sourcecode.c.h; path = YLSeminarTableViewCell.h; sourceTree = "<group>"; };
		01B707281D24BF0800531075 /* YLSeminarTableViewCell.m */ = {isa = PBXFileReference; fileEncoding = 4; lastKnownFileType = sourcecode.c.objc; path = YLSeminarTableViewCell.m; sourceTree = "<group>"; };
		01B707291D24BF0800531075 /* YLSeminarTableViewCell.xib */ = {isa = PBXFileReference; fileEncoding = 4; lastKnownFileType = file.xib; path = YLSeminarTableViewCell.xib; sourceTree = "<group>"; };
		01B7072C1D24C7B100531075 /* UIView+YLExtension.h */ = {isa = PBXFileReference; fileEncoding = 4; lastKnownFileType = sourcecode.c.h; path = "UIView+YLExtension.h"; sourceTree = "<group>"; };
		01B7072D1D24C7B100531075 /* UIView+YLExtension.m */ = {isa = PBXFileReference; fileEncoding = 4; lastKnownFileType = sourcecode.c.objc; path = "UIView+YLExtension.m"; sourceTree = "<group>"; };
		01B7072F1D24CA6700531075 /* YLSeminary.h */ = {isa = PBXFileReference; fileEncoding = 4; lastKnownFileType = sourcecode.c.h; path = YLSeminary.h; sourceTree = "<group>"; };
		01B707301D24CA6700531075 /* YLSeminary.m */ = {isa = PBXFileReference; fileEncoding = 4; lastKnownFileType = sourcecode.c.objc; path = YLSeminary.m; sourceTree = "<group>"; };
		01B707321D2549EC00531075 /* YLMatchAndSeminarViewController.h */ = {isa = PBXFileReference; fileEncoding = 4; lastKnownFileType = sourcecode.c.h; path = YLMatchAndSeminarViewController.h; sourceTree = "<group>"; };
		01B707331D2549EC00531075 /* YLMatchAndSeminarViewController.m */ = {isa = PBXFileReference; fileEncoding = 4; lastKnownFileType = sourcecode.c.objc; path = YLMatchAndSeminarViewController.m; sourceTree = "<group>"; };
		01B707341D2549EC00531075 /* YLMatchAndSeminarViewController.xib */ = {isa = PBXFileReference; fileEncoding = 4; lastKnownFileType = file.xib; path = YLMatchAndSeminarViewController.xib; sourceTree = "<group>"; };
		01CC11EC1D22A9D9007D9488 /* YLMatchViewController.h */ = {isa = PBXFileReference; fileEncoding = 4; lastKnownFileType = sourcecode.c.h; path = YLMatchViewController.h; sourceTree = "<group>"; };
		01CC11ED1D22A9D9007D9488 /* YLMatchViewController.m */ = {isa = PBXFileReference; fileEncoding = 4; lastKnownFileType = sourcecode.c.objc; path = YLMatchViewController.m; sourceTree = "<group>"; };
		01CC11EE1D22A9D9007D9488 /* YLMatchViewController.xib */ = {isa = PBXFileReference; fileEncoding = 4; lastKnownFileType = file.xib; path = YLMatchViewController.xib; sourceTree = "<group>"; };
		01CC11F21D22A9FD007D9488 /* YLMatchModel.h */ = {isa = PBXFileReference; fileEncoding = 4; lastKnownFileType = sourcecode.c.h; path = YLMatchModel.h; sourceTree = "<group>"; };
		01CC11F31D22A9FD007D9488 /* YLMatchModel.m */ = {isa = PBXFileReference; fileEncoding = 4; lastKnownFileType = sourcecode.c.objc; path = YLMatchModel.m; sourceTree = "<group>"; };
		01CC11F61D22AA04007D9488 /* YLWaterFlowCell.h */ = {isa = PBXFileReference; fileEncoding = 4; lastKnownFileType = sourcecode.c.h; path = YLWaterFlowCell.h; sourceTree = "<group>"; };
		01CC11F71D22AA04007D9488 /* YLWaterFlowCell.m */ = {isa = PBXFileReference; fileEncoding = 4; lastKnownFileType = sourcecode.c.objc; path = YLWaterFlowCell.m; sourceTree = "<group>"; };
		01CC11F81D22AA04007D9488 /* YLWaterFlowView.h */ = {isa = PBXFileReference; fileEncoding = 4; lastKnownFileType = sourcecode.c.h; path = YLWaterFlowView.h; sourceTree = "<group>"; };
		01CC11F91D22AA04007D9488 /* YLWaterFlowView.m */ = {isa = PBXFileReference; fileEncoding = 4; lastKnownFileType = sourcecode.c.objc; path = YLWaterFlowView.m; sourceTree = "<group>"; };
		01CC11FC1D22AA2B007D9488 /* Foundation+Log.m */ = {isa = PBXFileReference; fileEncoding = 4; lastKnownFileType = sourcecode.c.objc; path = "Foundation+Log.m"; sourceTree = "<group>"; };
		01CC11FE1D22AA37007D9488 /* PrefixHeader.pch */ = {isa = PBXFileReference; fileEncoding = 4; lastKnownFileType = sourcecode.c.h; path = PrefixHeader.pch; sourceTree = "<group>"; };
		01CC11FF1D22AA37007D9488 /* UIImage+WebP.h */ = {isa = PBXFileReference; fileEncoding = 4; lastKnownFileType = sourcecode.c.h; path = "UIImage+WebP.h"; sourceTree = "<group>"; };
		01CC12001D22AA37007D9488 /* UIImage+WebP.m */ = {isa = PBXFileReference; fileEncoding = 4; lastKnownFileType = sourcecode.c.objc; path = "UIImage+WebP.m"; sourceTree = "<group>"; };
		01CC12011D22AA37007D9488 /* WebP.framework */ = {isa = PBXFileReference; lastKnownFileType = wrapper.framework; path = WebP.framework; sourceTree = "<group>"; };
		01CC12021D22AA37007D9488 /* YL.storyboard */ = {isa = PBXFileReference; fileEncoding = 4; lastKnownFileType = file.storyboard; path = YL.storyboard; sourceTree = "<group>"; };
		01CC12061D22D521007D9488 /* YLMatchScrollButton.h */ = {isa = PBXFileReference; fileEncoding = 4; lastKnownFileType = sourcecode.c.h; path = YLMatchScrollButton.h; sourceTree = "<group>"; };
		01CC12071D22D521007D9488 /* YLMatchScrollButton.m */ = {isa = PBXFileReference; fileEncoding = 4; lastKnownFileType = sourcecode.c.objc; path = YLMatchScrollButton.m; sourceTree = "<group>"; };
		01CC12091D22E684007D9488 /* UIBarButtonItem+YLUIBarButtonItem.h */ = {isa = PBXFileReference; fileEncoding = 4; lastKnownFileType = sourcecode.c.h; path = "UIBarButtonItem+YLUIBarButtonItem.h"; sourceTree = "<group>"; };
		01CC120A1D22E684007D9488 /* UIBarButtonItem+YLUIBarButtonItem.m */ = {isa = PBXFileReference; fileEncoding = 4; lastKnownFileType = sourcecode.c.objc; path = "UIBarButtonItem+YLUIBarButtonItem.m"; sourceTree = "<group>"; };
		01D0C4E31D26197A00E04809 /* YLSeminaryDetailController.h */ = {isa = PBXFileReference; fileEncoding = 4; lastKnownFileType = sourcecode.c.h; path = YLSeminaryDetailController.h; sourceTree = "<group>"; };
		01D0C4E41D26197A00E04809 /* YLSeminaryDetailController.m */ = {isa = PBXFileReference; fileEncoding = 4; lastKnownFileType = sourcecode.c.objc; path = YLSeminaryDetailController.m; sourceTree = "<group>"; };
		01D0C4E51D26197A00E04809 /* YLSeminaryDetailController.xib */ = {isa = PBXFileReference; fileEncoding = 4; lastKnownFileType = file.xib; path = YLSeminaryDetailController.xib; sourceTree = "<group>"; };
		01D0C4E81D264B2300E04809 /* YLMatchDetailController.h */ = {isa = PBXFileReference; fileEncoding = 4; lastKnownFileType = sourcecode.c.h; path = YLMatchDetailController.h; sourceTree = "<group>"; };
		01D0C4E91D264B2300E04809 /* YLMatchDetailController.m */ = {isa = PBXFileReference; fileEncoding = 4; lastKnownFileType = sourcecode.c.objc; path = YLMatchDetailController.m; sourceTree = "<group>"; };
		01D0C4EA1D264B2300E04809 /* YLMatchDetailController.xib */ = {isa = PBXFileReference; fileEncoding = 4; lastKnownFileType = file.xib; path = YLMatchDetailController.xib; sourceTree = "<group>"; };
		01D0C4ED1D264FD900E04809 /* YLScrollTableViewCell.h */ = {isa = PBXFileReference; fileEncoding = 4; lastKnownFileType = sourcecode.c.h; path = YLScrollTableViewCell.h; sourceTree = "<group>"; };
		01D0C4EE1D264FD900E04809 /* YLScrollTableViewCell.m */ = {isa = PBXFileReference; fileEncoding = 4; lastKnownFileType = sourcecode.c.objc; path = YLScrollTableViewCell.m; sourceTree = "<group>"; };
		01D0C4EF1D264FD900E04809 /* YLScrollTableViewCell.xib */ = {isa = PBXFileReference; fileEncoding = 4; lastKnownFileType = file.xib; path = YLScrollTableViewCell.xib; sourceTree = "<group>"; };
		01D0C4F21D26562C00E04809 /* YLButtonTableViewCell.h */ = {isa = PBXFileReference; fileEncoding = 4; lastKnownFileType = sourcecode.c.h; path = YLButtonTableViewCell.h; sourceTree = "<group>"; };
		01D0C4F31D26562C00E04809 /* YLButtonTableViewCell.m */ = {isa = PBXFileReference; fileEncoding = 4; lastKnownFileType = sourcecode.c.objc; path = YLButtonTableViewCell.m; sourceTree = "<group>"; };
		01D0C4F41D26562C00E04809 /* YLButtonTableViewCell.xib */ = {isa = PBXFileReference; fileEncoding = 4; lastKnownFileType = file.xib; path = YLButtonTableViewCell.xib; sourceTree = "<group>"; };
		01D0C4F71D26659E00E04809 /* YLUser.h */ = {isa = PBXFileReference; fileEncoding = 4; lastKnownFileType = sourcecode.c.h; path = YLUser.h; sourceTree = "<group>"; };
		01D0C4F81D26659E00E04809 /* YLUser.m */ = {isa = PBXFileReference; fileEncoding = 4; lastKnownFileType = sourcecode.c.objc; path = YLUser.m; sourceTree = "<group>"; };
		2ED200F278F3E241139725CA /* Pods-明星衣橱.release.xcconfig */ = {isa = PBXFileReference; includeInIndex = 1; lastKnownFileType = text.xcconfig; name = "Pods-明星衣橱.release.xcconfig"; path = "Pods/Target Support Files/Pods-明星衣橱/Pods-明星衣橱.release.xcconfig"; sourceTree = "<group>"; };
		36B90B9EC175F98C834D9056 /* libPods-明星衣橱.a */ = {isa = PBXFileReference; explicitFileType = archive.ar; includeInIndex = 0; path = "libPods-明星衣橱.a"; sourceTree = BUILT_PRODUCTS_DIR; };
		6F2C5F88E58EEFD7A640D4B1 /* Pods-明星衣橱.debug.xcconfig */ = {isa = PBXFileReference; includeInIndex = 1; lastKnownFileType = text.xcconfig; name = "Pods-明星衣橱.debug.xcconfig"; path = "Pods/Target Support Files/Pods-明星衣橱/Pods-明星衣橱.debug.xcconfig"; sourceTree = "<group>"; };
		F30F8D2C1D1CC6FB0028D1D4 /* 明星衣橱.app */ = {isa = PBXFileReference; explicitFileType = wrapper.application; includeInIndex = 0; path = "明星衣橱.app"; sourceTree = BUILT_PRODUCTS_DIR; };
		F30F8D391D1CC6FB0028D1D4 /* Base */ = {isa = PBXFileReference; lastKnownFileType = file.storyboard; name = Base; path = Base.lproj/LXY.storyboard; sourceTree = "<group>"; };
		F30F8D3B1D1CC6FB0028D1D4 /* Assets.xcassets */ = {isa = PBXFileReference; lastKnownFileType = folder.assetcatalog; path = Assets.xcassets; sourceTree = "<group>"; };
		F30F8D3E1D1CC6FB0028D1D4 /* Base */ = {isa = PBXFileReference; lastKnownFileType = file.storyboard; name = Base; path = Base.lproj/LaunchScreen.storyboard; sourceTree = "<group>"; };
		F30F8D401D1CC6FB0028D1D4 /* Info.plist */ = {isa = PBXFileReference; lastKnownFileType = text.plist.xml; path = Info.plist; sourceTree = "<group>"; };
		F30F8D501D1CD37C0028D1D4 /* LXYTabBarViewController.h */ = {isa = PBXFileReference; fileEncoding = 4; lastKnownFileType = sourcecode.c.h; path = LXYTabBarViewController.h; sourceTree = "<group>"; };
		F30F8D511D1CD37C0028D1D4 /* LXYTabBarViewController.m */ = {isa = PBXFileReference; fileEncoding = 4; lastKnownFileType = sourcecode.c.objc; path = LXYTabBarViewController.m; sourceTree = "<group>"; };
		F30F8D551D1D13770028D1D4 /* LXYshouYeNaviBarButton.h */ = {isa = PBXFileReference; fileEncoding = 4; lastKnownFileType = sourcecode.c.h; path = LXYshouYeNaviBarButton.h; sourceTree = "<group>"; };
		F30F8D561D1D13770028D1D4 /* LXYshouYeNaviBarButton.m */ = {isa = PBXFileReference; fileEncoding = 4; lastKnownFileType = sourcecode.c.objc; path = LXYshouYeNaviBarButton.m; sourceTree = "<group>"; };
		F30F8D581D1D2EEA0028D1D4 /* LXYShouYeViewController.h */ = {isa = PBXFileReference; fileEncoding = 4; lastKnownFileType = sourcecode.c.h; path = LXYShouYeViewController.h; sourceTree = "<group>"; };
		F30F8D591D1D2EEA0028D1D4 /* LXYShouYeViewController.m */ = {isa = PBXFileReference; fileEncoding = 4; lastKnownFileType = sourcecode.c.objc; path = LXYShouYeViewController.m; sourceTree = "<group>"; };
		F30F8D5D1D1F6BFF0028D1D4 /* LXYshouYeScrollTableViewCell.h */ = {isa = PBXFileReference; fileEncoding = 4; lastKnownFileType = sourcecode.c.h; path = LXYshouYeScrollTableViewCell.h; sourceTree = "<group>"; };
		F30F8D5E1D1F6BFF0028D1D4 /* LXYshouYeScrollTableViewCell.m */ = {isa = PBXFileReference; fileEncoding = 4; lastKnownFileType = sourcecode.c.objc; path = LXYshouYeScrollTableViewCell.m; sourceTree = "<group>"; };
		F310DDC51D21249900317917 /* LXYPingPai.h */ = {isa = PBXFileReference; fileEncoding = 4; lastKnownFileType = sourcecode.c.h; path = LXYPingPai.h; sourceTree = "<group>"; };
		F310DDC61D21249900317917 /* LXYPingPai.m */ = {isa = PBXFileReference; fileEncoding = 4; lastKnownFileType = sourcecode.c.objc; path = LXYPingPai.m; sourceTree = "<group>"; };
		F310DDCB1D21720D00317917 /* LXYShouYePic.h */ = {isa = PBXFileReference; fileEncoding = 4; lastKnownFileType = sourcecode.c.h; path = LXYShouYePic.h; sourceTree = "<group>"; };
		F310DDCC1D21720D00317917 /* LXYShouYePic.m */ = {isa = PBXFileReference; fileEncoding = 4; lastKnownFileType = sourcecode.c.objc; path = LXYShouYePic.m; sourceTree = "<group>"; };
		F310DDCE1D22160C00317917 /* LXYScrollBtn.h */ = {isa = PBXFileReference; fileEncoding = 4; lastKnownFileType = sourcecode.c.h; path = LXYScrollBtn.h; sourceTree = "<group>"; };
		F310DDCF1D22160C00317917 /* LXYScrollBtn.m */ = {isa = PBXFileReference; fileEncoding = 4; lastKnownFileType = sourcecode.c.objc; path = LXYScrollBtn.m; sourceTree = "<group>"; };
		F310DDD41D22662500317917 /* LXYShangPing.h */ = {isa = PBXFileReference; fileEncoding = 4; lastKnownFileType = sourcecode.c.h; path = LXYShangPing.h; sourceTree = "<group>"; };
		F310DDD51D22662500317917 /* LXYShangPing.m */ = {isa = PBXFileReference; fileEncoding = 4; lastKnownFileType = sourcecode.c.objc; path = LXYShangPing.m; sourceTree = "<group>"; };
		F316B6C61D20BB000014BACD /* YLImgButton.h */ = {isa = PBXFileReference; fileEncoding = 4; lastKnownFileType = sourcecode.c.h; path = YLImgButton.h; sourceTree = "<group>"; };
		F316B6C71D20BB000014BACD /* YLImgButton.m */ = {isa = PBXFileReference; fileEncoding = 4; lastKnownFileType = sourcecode.c.objc; path = YLImgButton.m; sourceTree = "<group>"; };
		F3B73D9C1D20CBF100B519AD /* LXYcollectionTableViewCell.h */ = {isa = PBXFileReference; fileEncoding = 4; lastKnownFileType = sourcecode.c.h; path = LXYcollectionTableViewCell.h; sourceTree = "<group>"; };
		F3B73D9D1D20CBF100B519AD /* LXYcollectionTableViewCell.m */ = {isa = PBXFileReference; fileEncoding = 4; lastKnownFileType = sourcecode.c.objc; path = LXYcollectionTableViewCell.m; sourceTree = "<group>"; };
		F3B73DA11D20DB6600B519AD /* LXYShouYeCollectionView.h */ = {isa = PBXFileReference; fileEncoding = 4; lastKnownFileType = sourcecode.c.h; path = LXYShouYeCollectionView.h; sourceTree = "<group>"; };
		F3B73DA21D20DB6600B519AD /* LXYShouYeCollectionView.m */ = {isa = PBXFileReference; fileEncoding = 4; lastKnownFileType = sourcecode.c.objc; path = LXYShouYeCollectionView.m; sourceTree = "<group>"; };
/* End PBXFileReference section */

/* Begin PBXFrameworksBuildPhase section */
		F30F8D291D1CC6FB0028D1D4 /* Frameworks */ = {
			isa = PBXFrameworksBuildPhase;
			buildActionMask = 2147483647;
			files = (
				01CC12041D22AA37007D9488 /* WebP.framework in Frameworks */,
				6082571C6F7951FBD27E2379 /* libPods-明星衣橱.a in Frameworks */,
			);
			runOnlyForDeploymentPostprocessing = 0;
		};
/* End PBXFrameworksBuildPhase section */

/* Begin PBXGroup section */
		011893111D1CCBD800896164 /* classes */ = {
			isa = PBXGroup;
			children = (
				011893121D1CCBD800896164 /* 其他-Other */,
				0118931B1D1CCBD800896164 /* 我的-Me */,
				0118931F1D1CCBD800896164 /* 搭配-Match */,
				011893231D1CCBD800896164 /* 社区-Community */,
				011893271D1CCBD800896164 /* 购物车-ShoppingCar */,
				0118932B1D1CCBD800896164 /* 首页-HomePage */,
			);
			path = classes;
			sourceTree = "<group>";
		};
		011893121D1CCBD800896164 /* 其他-Other */ = {
			isa = PBXGroup;
			children = (
				01B7072C1D24C7B100531075 /* UIView+YLExtension.h */,
				01B7072D1D24C7B100531075 /* UIView+YLExtension.m */,
				01CC12091D22E684007D9488 /* UIBarButtonItem+YLUIBarButtonItem.h */,
				01CC120A1D22E684007D9488 /* UIBarButtonItem+YLUIBarButtonItem.m */,
				011893131D1CCBD800896164 /* AppDelegate.h */,
				011893141D1CCBD800896164 /* AppDelegate.m */,
				011893151D1CCBD800896164 /* Controller */,
				011893171D1CCBD800896164 /* Model */,
				011893181D1CCBD800896164 /* View */,
				011893191D1CCBD800896164 /* ViewController.h */,
				0118931A1D1CCBD800896164 /* ViewController.m */,
			);
			path = "其他-Other";
			sourceTree = "<group>";
		};
		011893151D1CCBD800896164 /* Controller */ = {
			isa = PBXGroup;
			children = (
				F30F8D501D1CD37C0028D1D4 /* LXYTabBarViewController.h */,
				F30F8D511D1CD37C0028D1D4 /* LXYTabBarViewController.m */,
				F30F8D581D1D2EEA0028D1D4 /* LXYShouYeViewController.h */,
				F30F8D591D1D2EEA0028D1D4 /* LXYShouYeViewController.m */,
			);
			path = Controller;
			sourceTree = "<group>";
		};
		011893171D1CCBD800896164 /* Model */ = {
			isa = PBXGroup;
			children = (
				F310DDC51D21249900317917 /* LXYPingPai.h */,
				F310DDC61D21249900317917 /* LXYPingPai.m */,
				F310DDD41D22662500317917 /* LXYShangPing.h */,
				F310DDD51D22662500317917 /* LXYShangPing.m */,
			);
			path = Model;
			sourceTree = "<group>";
		};
		011893181D1CCBD800896164 /* View */ = {
			isa = PBXGroup;
			children = (
				F3B73DA01D20DB4500B519AD /* View */,
				F30F8D5C1D1F6BA10028D1D4 /* Cell */,
				F30F8D5B1D1F6B8B0028D1D4 /* Button */,
			);
			path = View;
			sourceTree = "<group>";
		};
		0118931B1D1CCBD800896164 /* 我的-Me */ = {
			isa = PBXGroup;
			children = (
				0118931C1D1CCBD800896164 /* Controller */,
				0118931D1D1CCBD800896164 /* Model */,
				0118931E1D1CCBD800896164 /* View */,
			);
			path = "我的-Me";
			sourceTree = "<group>";
		};
		0118931C1D1CCBD800896164 /* Controller */ = {
			isa = PBXGroup;
			children = (
				011893321D1CCE2A00896164 /* YLMeTableViewController.h */,
				011893331D1CCE2A00896164 /* YLMeTableViewController.m */,
			);
			path = Controller;
			sourceTree = "<group>";
		};
		0118931D1D1CCBD800896164 /* Model */ = {
			isa = PBXGroup;
			children = (
			);
			path = Model;
			sourceTree = "<group>";
		};
		0118931E1D1CCBD800896164 /* View */ = {
			isa = PBXGroup;
			children = (
				F316B6C61D20BB000014BACD /* YLImgButton.h */,
				F316B6C71D20BB000014BACD /* YLImgButton.m */,
			);
			path = View;
			sourceTree = "<group>";
		};
		0118931F1D1CCBD800896164 /* 搭配-Match */ = {
			isa = PBXGroup;
			children = (
				01CC11F51D22AA04007D9488 /* View */,
				01CC11F11D22A9FD007D9488 /* Model */,
				01CC11EB1D22A9D9007D9488 /* Controller */,
			);
			path = "搭配-Match";
			sourceTree = "<group>";
		};
		011893231D1CCBD800896164 /* 社区-Community */ = {
			isa = PBXGroup;
			children = (
				011893241D1CCBD800896164 /* Controller */,
				011893251D1CCBD800896164 /* Model */,
				011893261D1CCBD800896164 /* View */,
			);
			path = "社区-Community";
			sourceTree = "<group>";
		};
		011893241D1CCBD800896164 /* Controller */ = {
			isa = PBXGroup;
			children = (
			);
			path = Controller;
			sourceTree = "<group>";
		};
		011893251D1CCBD800896164 /* Model */ = {
			isa = PBXGroup;
			children = (
			);
			path = Model;
			sourceTree = "<group>";
		};
		011893261D1CCBD800896164 /* View */ = {
			isa = PBXGroup;
			children = (
			);
			path = View;
			sourceTree = "<group>";
		};
		011893271D1CCBD800896164 /* 购物车-ShoppingCar */ = {
			isa = PBXGroup;
			children = (
				011893281D1CCBD800896164 /* Controller */,
				011893291D1CCBD800896164 /* Model */,
				0118932A1D1CCBD800896164 /* View */,
			);
			path = "购物车-ShoppingCar";
			sourceTree = "<group>";
		};
		011893281D1CCBD800896164 /* Controller */ = {
			isa = PBXGroup;
			children = (
			);
			path = Controller;
			sourceTree = "<group>";
		};
		011893291D1CCBD800896164 /* Model */ = {
			isa = PBXGroup;
			children = (
			);
			path = Model;
			sourceTree = "<group>";
		};
		0118932A1D1CCBD800896164 /* View */ = {
			isa = PBXGroup;
			children = (
			);
			path = View;
			sourceTree = "<group>";
		};
		0118932B1D1CCBD800896164 /* 首页-HomePage */ = {
			isa = PBXGroup;
			children = (
				0118932C1D1CCBD800896164 /* Controller */,
				0118932D1D1CCBD800896164 /* Model */,
				0118932E1D1CCBD800896164 /* View */,
			);
			path = "首页-HomePage";
			sourceTree = "<group>";
		};
		0118932C1D1CCBD800896164 /* Controller */ = {
			isa = PBXGroup;
			children = (
			);
			path = Controller;
			sourceTree = "<group>";
		};
		0118932D1D1CCBD800896164 /* Model */ = {
			isa = PBXGroup;
			children = (
			);
			path = Model;
			sourceTree = "<group>";
		};
		0118932E1D1CCBD800896164 /* View */ = {
			isa = PBXGroup;
			children = (
			);
			path = View;
			sourceTree = "<group>";
		};
		01CC11EB1D22A9D9007D9488 /* Controller */ = {
			isa = PBXGroup;
			children = (
				01CC11EC1D22A9D9007D9488 /* YLMatchViewController.h */,
				01CC11ED1D22A9D9007D9488 /* YLMatchViewController.m */,
				01CC11EE1D22A9D9007D9488 /* YLMatchViewController.xib */,
				01B707221D24B49E00531075 /* YLSeminarViewController.h */,
				01B707231D24B49E00531075 /* YLSeminarViewController.m */,
				01B707241D24B49E00531075 /* YLSeminarViewController.xib */,
				01B707321D2549EC00531075 /* YLMatchAndSeminarViewController.h */,
				01B707331D2549EC00531075 /* YLMatchAndSeminarViewController.m */,
				01B707341D2549EC00531075 /* YLMatchAndSeminarViewController.xib */,
				01D0C4E31D26197A00E04809 /* YLSeminaryDetailController.h */,
				01D0C4E41D26197A00E04809 /* YLSeminaryDetailController.m */,
				01D0C4E51D26197A00E04809 /* YLSeminaryDetailController.xib */,
				01D0C4E81D264B2300E04809 /* YLMatchDetailController.h */,
				01D0C4E91D264B2300E04809 /* YLMatchDetailController.m */,
				01D0C4EA1D264B2300E04809 /* YLMatchDetailController.xib */,
			);
			path = Controller;
			sourceTree = "<group>";
		};
		01CC11F11D22A9FD007D9488 /* Model */ = {
			isa = PBXGroup;
			children = (
				01CC11F21D22A9FD007D9488 /* YLMatchModel.h */,
				01CC11F31D22A9FD007D9488 /* YLMatchModel.m */,
				01B7072F1D24CA6700531075 /* YLSeminary.h */,
				01B707301D24CA6700531075 /* YLSeminary.m */,
				01D0C4F71D26659E00E04809 /* YLUser.h */,
				01D0C4F81D26659E00E04809 /* YLUser.m */,
			);
			path = Model;
			sourceTree = "<group>";
		};
		01CC11F51D22AA04007D9488 /* View */ = {
			isa = PBXGroup;
			children = (
				01CC11F61D22AA04007D9488 /* YLWaterFlowCell.h */,
				01CC11F71D22AA04007D9488 /* YLWaterFlowCell.m */,
				01CC11F81D22AA04007D9488 /* YLWaterFlowView.h */,
				01CC11F91D22AA04007D9488 /* YLWaterFlowView.m */,
				01CC12061D22D521007D9488 /* YLMatchScrollButton.h */,
				01CC12071D22D521007D9488 /* YLMatchScrollButton.m */,
				01B707271D24BF0800531075 /* YLSeminarTableViewCell.h */,
				01B707281D24BF0800531075 /* YLSeminarTableViewCell.m */,
				01B707291D24BF0800531075 /* YLSeminarTableViewCell.xib */,
				01D0C4ED1D264FD900E04809 /* YLScrollTableViewCell.h */,
				01D0C4EE1D264FD900E04809 /* YLScrollTableViewCell.m */,
				01D0C4EF1D264FD900E04809 /* YLScrollTableViewCell.xib */,
				01D0C4F21D26562C00E04809 /* YLButtonTableViewCell.h */,
				01D0C4F31D26562C00E04809 /* YLButtonTableViewCell.m */,
				01D0C4F41D26562C00E04809 /* YLButtonTableViewCell.xib */,
			);
			path = View;
			sourceTree = "<group>";
		};
		52337A858D57D0FD6CBD45EA /* Frameworks */ = {
			isa = PBXGroup;
			children = (
				36B90B9EC175F98C834D9056 /* libPods-明星衣橱.a */,
			);
			name = Frameworks;
			sourceTree = "<group>";
		};
		8B47BB5B0D1B3B974A69A4A9 /* Pods */ = {
			isa = PBXGroup;
			children = (
				6F2C5F88E58EEFD7A640D4B1 /* Pods-明星衣橱.debug.xcconfig */,
				2ED200F278F3E241139725CA /* Pods-明星衣橱.release.xcconfig */,
			);
			name = Pods;
			sourceTree = "<group>";
		};
		F30F8D231D1CC6FB0028D1D4 = {
			isa = PBXGroup;
			children = (
				F30F8D2E1D1CC6FB0028D1D4 /* 明星衣橱 */,
				F30F8D2D1D1CC6FB0028D1D4 /* Products */,
				8B47BB5B0D1B3B974A69A4A9 /* Pods */,
				52337A858D57D0FD6CBD45EA /* Frameworks */,
			);
			sourceTree = "<group>";
		};
		F30F8D2D1D1CC6FB0028D1D4 /* Products */ = {
			isa = PBXGroup;
			children = (
				F30F8D2C1D1CC6FB0028D1D4 /* 明星衣橱.app */,
			);
			name = Products;
			sourceTree = "<group>";
		};
		F30F8D2E1D1CC6FB0028D1D4 /* 明星衣橱 */ = {
			isa = PBXGroup;
			children = (
				011893111D1CCBD800896164 /* classes */,
				F30F8D2F1D1CC6FB0028D1D4 /* Supporting Files */,
			);
			path = "明星衣橱";
			sourceTree = "<group>";
		};
		F30F8D2F1D1CC6FB0028D1D4 /* Supporting Files */ = {
			isa = PBXGroup;
			children = (
				01CC11FE1D22AA37007D9488 /* PrefixHeader.pch */,
				01CC11FF1D22AA37007D9488 /* UIImage+WebP.h */,
				01CC12001D22AA37007D9488 /* UIImage+WebP.m */,
				01CC12011D22AA37007D9488 /* WebP.framework */,
				01CC12021D22AA37007D9488 /* YL.storyboard */,
				01CC11FC1D22AA2B007D9488 /* Foundation+Log.m */,
				011893161D1CCBD800896164 /* main.m */,
				F30F8D381D1CC6FB0028D1D4 /* LXY.storyboard */,
				F30F8D3D1D1CC6FB0028D1D4 /* LaunchScreen.storyboard */,
				F30F8D3B1D1CC6FB0028D1D4 /* Assets.xcassets */,
				F30F8D401D1CC6FB0028D1D4 /* Info.plist */,
			);
			name = "Supporting Files";
			sourceTree = "<group>";
		};
		F30F8D5B1D1F6B8B0028D1D4 /* Button */ = {
			isa = PBXGroup;
			children = (
				F30F8D551D1D13770028D1D4 /* LXYshouYeNaviBarButton.h */,
				F30F8D561D1D13770028D1D4 /* LXYshouYeNaviBarButton.m */,
				F310DDCE1D22160C00317917 /* LXYScrollBtn.h */,
				F310DDCF1D22160C00317917 /* LXYScrollBtn.m */,
			);
			name = Button;
			sourceTree = "<group>";
		};
		F30F8D5C1D1F6BA10028D1D4 /* Cell */ = {
			isa = PBXGroup;
			children = (
				F30F8D5D1D1F6BFF0028D1D4 /* LXYshouYeScrollTableViewCell.h */,
				F30F8D5E1D1F6BFF0028D1D4 /* LXYshouYeScrollTableViewCell.m */,
				F3B73D9C1D20CBF100B519AD /* LXYcollectionTableViewCell.h */,
				F3B73D9D1D20CBF100B519AD /* LXYcollectionTableViewCell.m */,
			);
			name = Cell;
			sourceTree = "<group>";
		};
		F3B73DA01D20DB4500B519AD /* View */ = {
			isa = PBXGroup;
			children = (
				F3B73DA11D20DB6600B519AD /* LXYShouYeCollectionView.h */,
				F3B73DA21D20DB6600B519AD /* LXYShouYeCollectionView.m */,
				F310DDCB1D21720D00317917 /* LXYShouYePic.h */,
				F310DDCC1D21720D00317917 /* LXYShouYePic.m */,
			);
			name = View;
			sourceTree = "<group>";
		};
/* End PBXGroup section */

/* Begin PBXNativeTarget section */
		F30F8D2B1D1CC6FB0028D1D4 /* 明星衣橱 */ = {
			isa = PBXNativeTarget;
			buildConfigurationList = F30F8D431D1CC6FB0028D1D4 /* Build configuration list for PBXNativeTarget "明星衣橱" */;
			buildPhases = (
				91FA87880E00B40B120D19EA /* 📦 Check Pods Manifest.lock */,
				F30F8D281D1CC6FB0028D1D4 /* Sources */,
				F30F8D291D1CC6FB0028D1D4 /* Frameworks */,
				F30F8D2A1D1CC6FB0028D1D4 /* Resources */,
				0E9E32E2DE9140C554C0F35D /* 📦 Embed Pods Frameworks */,
				89CF4642421AFB54519A2ADD /* 📦 Copy Pods Resources */,
			);
			buildRules = (
			);
			dependencies = (
			);
			name = "明星衣橱";
			productName = "明星衣橱";
			productReference = F30F8D2C1D1CC6FB0028D1D4 /* 明星衣橱.app */;
			productType = "com.apple.product-type.application";
		};
/* End PBXNativeTarget section */

/* Begin PBXProject section */
		F30F8D241D1CC6FB0028D1D4 /* Project object */ = {
			isa = PBXProject;
			attributes = {
				CLASSPREFIX = LXY;
				LastUpgradeCheck = 0710;
				ORGANIZATIONNAME = Evo;
				TargetAttributes = {
					F30F8D2B1D1CC6FB0028D1D4 = {
						CreatedOnToolsVersion = 7.1.1;
						DevelopmentTeam = 4BFMEFRTFT;
					};
				};
			};
			buildConfigurationList = F30F8D271D1CC6FB0028D1D4 /* Build configuration list for PBXProject "明星衣橱" */;
			compatibilityVersion = "Xcode 3.2";
			developmentRegion = English;
			hasScannedForEncodings = 0;
			knownRegions = (
				en,
				Base,
			);
			mainGroup = F30F8D231D1CC6FB0028D1D4;
			productRefGroup = F30F8D2D1D1CC6FB0028D1D4 /* Products */;
			projectDirPath = "";
			projectRoot = "";
			targets = (
				F30F8D2B1D1CC6FB0028D1D4 /* 明星衣橱 */,
			);
		};
/* End PBXProject section */

/* Begin PBXResourcesBuildPhase section */
		F30F8D2A1D1CC6FB0028D1D4 /* Resources */ = {
			isa = PBXResourcesBuildPhase;
			buildActionMask = 2147483647;
			files = (
				F30F8D3F1D1CC6FB0028D1D4 /* LaunchScreen.storyboard in Resources */,
				F30F8D3C1D1CC6FB0028D1D4 /* Assets.xcassets in Resources */,
				01D0C4F61D26562C00E04809 /* YLButtonTableViewCell.xib in Resources */,
				F30F8D3A1D1CC6FB0028D1D4 /* LXY.storyboard in Resources */,
				01D0C4EC1D264B2300E04809 /* YLMatchDetailController.xib in Resources */,
				01D0C4F11D264FD900E04809 /* YLScrollTableViewCell.xib in Resources */,
				01B7072B1D24BF0800531075 /* YLSeminarTableViewCell.xib in Resources */,
				01B707261D24B49E00531075 /* YLSeminarViewController.xib in Resources */,
				01CC12051D22AA37007D9488 /* YL.storyboard in Resources */,
				01CC11F01D22A9D9007D9488 /* YLMatchViewController.xib in Resources */,
				01B707361D2549EC00531075 /* YLMatchAndSeminarViewController.xib in Resources */,
				01D0C4E71D26197A00E04809 /* YLSeminaryDetailController.xib in Resources */,
			);
			runOnlyForDeploymentPostprocessing = 0;
		};
/* End PBXResourcesBuildPhase section */

/* Begin PBXShellScriptBuildPhase section */
		0E9E32E2DE9140C554C0F35D /* 📦 Embed Pods Frameworks */ = {
			isa = PBXShellScriptBuildPhase;
			buildActionMask = 2147483647;
			files = (
			);
			inputPaths = (
			);
			name = "📦 Embed Pods Frameworks";
			outputPaths = (
			);
			runOnlyForDeploymentPostprocessing = 0;
			shellPath = /bin/sh;
			shellScript = "\"${SRCROOT}/Pods/Target Support Files/Pods-明星衣橱/Pods-明星衣橱-frameworks.sh\"\n";
			showEnvVarsInLog = 0;
		};
		89CF4642421AFB54519A2ADD /* 📦 Copy Pods Resources */ = {
			isa = PBXShellScriptBuildPhase;
			buildActionMask = 2147483647;
			files = (
			);
			inputPaths = (
			);
			name = "📦 Copy Pods Resources";
			outputPaths = (
			);
			runOnlyForDeploymentPostprocessing = 0;
			shellPath = /bin/sh;
			shellScript = "\"${SRCROOT}/Pods/Target Support Files/Pods-明星衣橱/Pods-明星衣橱-resources.sh\"\n";
			showEnvVarsInLog = 0;
		};
		91FA87880E00B40B120D19EA /* 📦 Check Pods Manifest.lock */ = {
			isa = PBXShellScriptBuildPhase;
			buildActionMask = 2147483647;
			files = (
			);
			inputPaths = (
			);
			name = "📦 Check Pods Manifest.lock";
			outputPaths = (
			);
			runOnlyForDeploymentPostprocessing = 0;
			shellPath = /bin/sh;
			shellScript = "diff \"${PODS_ROOT}/../Podfile.lock\" \"${PODS_ROOT}/Manifest.lock\" > /dev/null\nif [[ $? != 0 ]] ; then\n    cat << EOM\nerror: The sandbox is not in sync with the Podfile.lock. Run 'pod install' or update your CocoaPods installation.\nEOM\n    exit 1\nfi\n";
			showEnvVarsInLog = 0;
		};
/* End PBXShellScriptBuildPhase section */

/* Begin PBXSourcesBuildPhase section */
		F30F8D281D1CC6FB0028D1D4 /* Sources */ = {
			isa = PBXSourcesBuildPhase;
			buildActionMask = 2147483647;
			files = (
				F310DDD61D22662500317917 /* LXYShangPing.m in Sources */,
				0118932F1D1CCBD800896164 /* AppDelegate.m in Sources */,
				01B7072A1D24BF0800531075 /* YLSeminarTableViewCell.m in Sources */,
				F310DDD01D22160C00317917 /* LXYScrollBtn.m in Sources */,
				01CC11EF1D22A9D9007D9488 /* YLMatchViewController.m in Sources */,
				01CC12031D22AA37007D9488 /* UIImage+WebP.m in Sources */,
				01CC11FA1D22AA04007D9488 /* YLWaterFlowCell.m in Sources */,
				01D0C4EB1D264B2300E04809 /* YLMatchDetailController.m in Sources */,
				F3B73DA31D20DB6600B519AD /* LXYShouYeCollectionView.m in Sources */,
				F30F8D521D1CD37C0028D1D4 /* LXYTabBarViewController.m in Sources */,
				01D0C4F91D26659E00E04809 /* YLUser.m in Sources */,
				F30F8D571D1D13770028D1D4 /* LXYshouYeNaviBarButton.m in Sources */,
				F316B6C81D20BB000014BACD /* YLImgButton.m in Sources */,
				F30F8D5A1D1D2EEA0028D1D4 /* LXYShouYeViewController.m in Sources */,
				01CC120B1D22E684007D9488 /* UIBarButtonItem+YLUIBarButtonItem.m in Sources */,
				01CC12081D22D521007D9488 /* YLMatchScrollButton.m in Sources */,
				011893301D1CCBD800896164 /* main.m in Sources */,
				01B7072E1D24C7B100531075 /* UIView+YLExtension.m in Sources */,
				01CC11FD1D22AA2B007D9488 /* Foundation+Log.m in Sources */,
				01B707351D2549EC00531075 /* YLMatchAndSeminarViewController.m in Sources */,
				01B707251D24B49E00531075 /* YLSeminarViewController.m in Sources */,
				01CC11F41D22A9FD007D9488 /* YLMatchModel.m in Sources */,
				01B707311D24CA6700531075 /* YLSeminary.m in Sources */,
				01D0C4F51D26562C00E04809 /* YLButtonTableViewCell.m in Sources */,
				F30F8D5F1D1F6BFF0028D1D4 /* LXYshouYeScrollTableViewCell.m in Sources */,
				F310DDCD1D21720D00317917 /* LXYShouYePic.m in Sources */,
				01D0C4F01D264FD900E04809 /* YLScrollTableViewCell.m in Sources */,
				F310DDC71D21249900317917 /* LXYPingPai.m in Sources */,
				F3B73D9E1D20CBF100B519AD /* LXYcollectionTableViewCell.m in Sources */,
				011893351D1CCE2A00896164 /* YLMeTableViewController.m in Sources */,
				01CC11FB1D22AA04007D9488 /* YLWaterFlowView.m in Sources */,
				01D0C4E61D26197A00E04809 /* YLSeminaryDetailController.m in Sources */,
				011893311D1CCBD800896164 /* ViewController.m in Sources */,
			);
			runOnlyForDeploymentPostprocessing = 0;
		};
/* End PBXSourcesBuildPhase section */

/* Begin PBXVariantGroup section */
		F30F8D381D1CC6FB0028D1D4 /* LXY.storyboard */ = {
			isa = PBXVariantGroup;
			children = (
				F30F8D391D1CC6FB0028D1D4 /* Base */,
			);
			name = LXY.storyboard;
			sourceTree = "<group>";
		};
		F30F8D3D1D1CC6FB0028D1D4 /* LaunchScreen.storyboard */ = {
			isa = PBXVariantGroup;
			children = (
				F30F8D3E1D1CC6FB0028D1D4 /* Base */,
			);
			name = LaunchScreen.storyboard;
			sourceTree = "<group>";
		};
/* End PBXVariantGroup section */

/* Begin XCBuildConfiguration section */
		F30F8D411D1CC6FB0028D1D4 /* Debug */ = {
			isa = XCBuildConfiguration;
			buildSettings = {
				ALWAYS_SEARCH_USER_PATHS = NO;
				CLANG_CXX_LANGUAGE_STANDARD = "gnu++0x";
				CLANG_CXX_LIBRARY = "libc++";
				CLANG_ENABLE_MODULES = YES;
				CLANG_ENABLE_OBJC_ARC = YES;
				CLANG_WARN_BOOL_CONVERSION = YES;
				CLANG_WARN_CONSTANT_CONVERSION = YES;
				CLANG_WARN_DIRECT_OBJC_ISA_USAGE = YES_ERROR;
				CLANG_WARN_EMPTY_BODY = YES;
				CLANG_WARN_ENUM_CONVERSION = YES;
				CLANG_WARN_INT_CONVERSION = YES;
				CLANG_WARN_OBJC_ROOT_CLASS = YES_ERROR;
				CLANG_WARN_UNREACHABLE_CODE = YES;
				CLANG_WARN__DUPLICATE_METHOD_MATCH = YES;
				"CODE_SIGN_IDENTITY[sdk=iphoneos*]" = "iPhone Developer";
				COPY_PHASE_STRIP = NO;
				DEBUG_INFORMATION_FORMAT = dwarf;
				ENABLE_STRICT_OBJC_MSGSEND = YES;
				ENABLE_TESTABILITY = YES;
				GCC_C_LANGUAGE_STANDARD = gnu99;
				GCC_DYNAMIC_NO_PIC = NO;
				GCC_NO_COMMON_BLOCKS = YES;
				GCC_OPTIMIZATION_LEVEL = 0;
				GCC_PREPROCESSOR_DEFINITIONS = (
					"DEBUG=1",
					"$(inherited)",
				);
				GCC_WARN_64_TO_32_BIT_CONVERSION = YES;
				GCC_WARN_ABOUT_RETURN_TYPE = YES_ERROR;
				GCC_WARN_UNDECLARED_SELECTOR = YES;
				GCC_WARN_UNINITIALIZED_AUTOS = YES_AGGRESSIVE;
				GCC_WARN_UNUSED_FUNCTION = YES;
				GCC_WARN_UNUSED_VARIABLE = YES;
				IPHONEOS_DEPLOYMENT_TARGET = 9.1;
				MTL_ENABLE_DEBUG_INFO = YES;
				ONLY_ACTIVE_ARCH = YES;
				SDKROOT = iphoneos;
			};
			name = Debug;
		};
		F30F8D421D1CC6FB0028D1D4 /* Release */ = {
			isa = XCBuildConfiguration;
			buildSettings = {
				ALWAYS_SEARCH_USER_PATHS = NO;
				CLANG_CXX_LANGUAGE_STANDARD = "gnu++0x";
				CLANG_CXX_LIBRARY = "libc++";
				CLANG_ENABLE_MODULES = YES;
				CLANG_ENABLE_OBJC_ARC = YES;
				CLANG_WARN_BOOL_CONVERSION = YES;
				CLANG_WARN_CONSTANT_CONVERSION = YES;
				CLANG_WARN_DIRECT_OBJC_ISA_USAGE = YES_ERROR;
				CLANG_WARN_EMPTY_BODY = YES;
				CLANG_WARN_ENUM_CONVERSION = YES;
				CLANG_WARN_INT_CONVERSION = YES;
				CLANG_WARN_OBJC_ROOT_CLASS = YES_ERROR;
				CLANG_WARN_UNREACHABLE_CODE = YES;
				CLANG_WARN__DUPLICATE_METHOD_MATCH = YES;
				"CODE_SIGN_IDENTITY[sdk=iphoneos*]" = "iPhone Developer";
				COPY_PHASE_STRIP = NO;
				DEBUG_INFORMATION_FORMAT = "dwarf-with-dsym";
				ENABLE_NS_ASSERTIONS = NO;
				ENABLE_STRICT_OBJC_MSGSEND = YES;
				GCC_C_LANGUAGE_STANDARD = gnu99;
				GCC_NO_COMMON_BLOCKS = YES;
				GCC_WARN_64_TO_32_BIT_CONVERSION = YES;
				GCC_WARN_ABOUT_RETURN_TYPE = YES_ERROR;
				GCC_WARN_UNDECLARED_SELECTOR = YES;
				GCC_WARN_UNINITIALIZED_AUTOS = YES_AGGRESSIVE;
				GCC_WARN_UNUSED_FUNCTION = YES;
				GCC_WARN_UNUSED_VARIABLE = YES;
				IPHONEOS_DEPLOYMENT_TARGET = 9.1;
				MTL_ENABLE_DEBUG_INFO = NO;
				SDKROOT = iphoneos;
				VALIDATE_PRODUCT = YES;
			};
			name = Release;
		};
		F30F8D441D1CC6FB0028D1D4 /* Debug */ = {
			isa = XCBuildConfiguration;
			baseConfigurationReference = 6F2C5F88E58EEFD7A640D4B1 /* Pods-明星衣橱.debug.xcconfig */;
			buildSettings = {
				ASSETCATALOG_COMPILER_APPICON_NAME = AppIcon;
				FRAMEWORK_SEARCH_PATHS = (
					"$(inherited)",
					"$(PROJECT_DIR)/明星衣橱",
				);
				GCC_PRECOMPILE_PREFIX_HEADER = YES;
				GCC_PREFIX_HEADER = "明星衣橱/PrefixHeader.pch";
				INFOPLIST_FILE = "明星衣橱/Info.plist";
				LD_RUNPATH_SEARCH_PATHS = "$(inherited) @executable_path/Frameworks";
				PRODUCT_BUNDLE_IDENTIFIER = "BNR.----";
				PRODUCT_NAME = "$(TARGET_NAME)";
			};
			name = Debug;
		};
		F30F8D451D1CC6FB0028D1D4 /* Release */ = {
			isa = XCBuildConfiguration;
			baseConfigurationReference = 2ED200F278F3E241139725CA /* Pods-明星衣橱.release.xcconfig */;
			buildSettings = {
				ASSETCATALOG_COMPILER_APPICON_NAME = AppIcon;
				FRAMEWORK_SEARCH_PATHS = (
					"$(inherited)",
					"$(PROJECT_DIR)/明星衣橱",
				);
				GCC_PRECOMPILE_PREFIX_HEADER = YES;
				GCC_PREFIX_HEADER = "明星衣橱/PrefixHeader.pch";
				INFOPLIST_FILE = "明星衣橱/Info.plist";
				LD_RUNPATH_SEARCH_PATHS = "$(inherited) @executable_path/Frameworks";
				PRODUCT_BUNDLE_IDENTIFIER = "BNR.----";
				PRODUCT_NAME = "$(TARGET_NAME)";
			};
			name = Release;
		};
/* End XCBuildConfiguration section */

/* Begin XCConfigurationList section */
		F30F8D271D1CC6FB0028D1D4 /* Build configuration list for PBXProject "明星衣橱" */ = {
			isa = XCConfigurationList;
			buildConfigurations = (
				F30F8D411D1CC6FB0028D1D4 /* Debug */,
				F30F8D421D1CC6FB0028D1D4 /* Release */,
			);
			defaultConfigurationIsVisible = 0;
			defaultConfigurationName = Release;
		};
		F30F8D431D1CC6FB0028D1D4 /* Build configuration list for PBXNativeTarget "明星衣橱" */ = {
			isa = XCConfigurationList;
			buildConfigurations = (
				F30F8D441D1CC6FB0028D1D4 /* Debug */,
				F30F8D451D1CC6FB0028D1D4 /* Release */,
			);
			defaultConfigurationIsVisible = 0;
			defaultConfigurationName = Release;
		};
/* End XCConfigurationList section */
	};
	rootObject = F30F8D241D1CC6FB0028D1D4 /* Project object */;
}
